
Microsoft Visual Studio Solution File, Format Version 12.00
# Visual Studio Version 17
VisualStudioVersion = 17.8.34330.188
MinimumVisualStudioVersion = 10.0.40219.1
Project("{FAE04EC0-301F-11D3-BF4B-00C04F79EFBC}") = "FinalWeb1", "FinalWeb1\FinalWeb1.csproj", "{7B07812B-FE7D-420D-9D83-61768306DFF4}"
EndProject
Global
	GlobalSection(SolutionConfigurationPlatforms) = preSolution
		Debug|Any CPU = Debug|Any CPU
		Release|Any CPU = Release|Any CPU
	EndGlobalSection
	GlobalSection(ProjectConfigurationPlatforms) = postSolution
		{7B07812B-FE7D-420D-9D83-61768306DFF4}.Debug|Any CPU.ActiveCfg = Debug|Any CPU
		{7B07812B-FE7D-420D-9D83-61768306DFF4}.Debug|Any CPU.Build.0 = Debug|Any CPU
		{7B07812B-FE7D-420D-9D83-61768306DFF4}.Release|Any CPU.ActiveCfg = Release|Any CPU
		{7B07812B-FE7D-420D-9D83-61768306DFF4}.Release|Any CPU.Build.0 = Release|Any CPU
	EndGlobalSection
	GlobalSection(SolutionProperties) = preSolution
		HideSolutionNode = FALSE
	EndGlobalSection
	GlobalSection(ExtensibilityGlobals) = postSolution
		SolutionGuid = {D54622A9-9514-4C18-8800-EA0FBF5D69E1}
	EndGlobalSection
EndGlobal
